
Microsoft Visual Studio Solution File, Format Version 12.00
# Visual Studio 15
VisualStudioVersion = 15.0.27703.2035
MinimumVisualStudioVersion = 10.0.40219.1
Project("{9092AA53-FB77-4645-B42D-1CCCA6BD08BD}") = "bilibilisearch", "bilibilisearch.njsproj", "{45C56716-423F-428D-A787-CE5D9CA645F3}"
EndProject
Global
	GlobalSection(SolutionConfigurationPlatforms) = preSolution
		Debug|Any CPU = Debug|Any CPU
		Release|Any CPU = Release|Any CPU
	EndGlobalSection
	GlobalSection(ProjectConfigurationPlatforms) = postSolution
		{45C56716-423F-428D-A787-CE5D9CA645F3}.Debug|Any CPU.ActiveCfg = Debug|Any CPU
		{45C56716-423F-428D-A787-CE5D9CA645F3}.Debug|Any CPU.Build.0 = Debug|Any CPU
		{45C56716-423F-428D-A787-CE5D9CA645F3}.Release|Any CPU.ActiveCfg = Release|Any CPU
		{45C56716-423F-428D-A787-CE5D9CA645F3}.Release|Any CPU.Build.0 = Release|Any CPU
	EndGlobalSection
	GlobalSection(SolutionProperties) = preSolution
		HideSolutionNode = FALSE
	EndGlobalSection
	GlobalSection(ExtensibilityGlobals) = postSolution
		SolutionGuid = {4999B807-0235-4828-BF33-1B6084639DC1}
	EndGlobalSection
EndGlobal
